
Microsoft Visual Studio Solution File, Format Version 12.00
# Visual Studio Version 17
VisualStudioVersion = 17.4.33213.308
MinimumVisualStudioVersion = 10.0.40219.1
Project("{FAE04EC0-301F-11D3-BF4B-00C04F79EFBC}") = "ControlGastosIngresos", "ControlGastosIngresos.csproj", "{6E9F47D6-2CFD-427C-AB7E-B9106C061FA7}"
EndProject
Global
	GlobalSection(SolutionConfigurationPlatforms) = preSolution
		Debug|Any CPU = Debug|Any CPU
		Release|Any CPU = Release|Any CPU
	EndGlobalSection
	GlobalSection(ProjectConfigurationPlatforms) = postSolution
		{6E9F47D6-2CFD-427C-AB7E-B9106C061FA7}.Debug|Any CPU.ActiveCfg = Debug|Any CPU
		{6E9F47D6-2CFD-427C-AB7E-B9106C061FA7}.Debug|Any CPU.Build.0 = Debug|Any CPU
		{6E9F47D6-2CFD-427C-AB7E-B9106C061FA7}.Release|Any CPU.ActiveCfg = Release|Any CPU
		{6E9F47D6-2CFD-427C-AB7E-B9106C061FA7}.Release|Any CPU.Build.0 = Release|Any CPU
	EndGlobalSection
	GlobalSection(SolutionProperties) = preSolution
		HideSolutionNode = FALSE
	EndGlobalSection
	GlobalSection(ExtensibilityGlobals) = postSolution
		SolutionGuid = {0249C66D-924D-4103-910D-EF47A4AAC9C1}
	EndGlobalSection
EndGlobal
